<?xml version="1.0" encoding="utf-8"?>
<Project ToolsVersion="4.0" xmlns="http://schemas.microsoft.com/developer/msbuild/2003">
  <ItemGroup>
    <ClCompile Include="main.cpp" />
    <ClCompile Include="reporter.cpp" />
    <ClCompile Include="process.cpp" />
    <ClCompile Include="processor.cpp" />
    <ClCompile Include="scheduler.cpp" />
  </ItemGroup>
  <ItemGroup>
    <ClInclude Include="..\..\fakeheaders\unistd.h" />
    <ClInclude Include="reporter.h" />
    <ClInclude Include="process.h" />
    <ClInclude Include="processor.h" />
    <ClInclude Include="scheduler.h" />
  </ItemGroup>
</Project>