
Microsoft Visual Studio Solution File, Format Version 12.00
# Visual Studio 15
VisualStudioVersion = 15.0.26430.12
MinimumVisualStudioVersion = 10.0.40219.1
Project("{8BC9CEB8-8B4A-11D0-8D11-00A0C91BC942}") = "VMM", "VMM\VMM.vcxproj", "{ACEC7BE1-4EA2-4BBD-A0E5-51BC28F917F8}"
EndProject
Global
	GlobalSection(SolutionConfigurationPlatforms) = preSolution
		Debug|ARM = Debug|ARM
		Debug|x64 = Debug|x64
		Debug|x86 = Debug|x86
		Release|ARM = Release|ARM
		Release|x64 = Release|x64
		Release|x86 = Release|x86
	EndGlobalSection
	GlobalSection(ProjectConfigurationPlatforms) = postSolution
		{ACEC7BE1-4EA2-4BBD-A0E5-51BC28F917F8}.Debug|ARM.ActiveCfg = Debug|ARM
		{ACEC7BE1-4EA2-4BBD-A0E5-51BC28F917F8}.Debug|ARM.Build.0 = Debug|ARM
		{ACEC7BE1-4EA2-4BBD-A0E5-51BC28F917F8}.Debug|x64.ActiveCfg = Debug|x64
		{ACEC7BE1-4EA2-4BBD-A0E5-51BC28F917F8}.Debug|x64.Build.0 = Debug|x64
		{ACEC7BE1-4EA2-4BBD-A0E5-51BC28F917F8}.Debug|x86.ActiveCfg = Debug|x86
		{ACEC7BE1-4EA2-4BBD-A0E5-51BC28F917F8}.Debug|x86.Build.0 = Debug|x86
		{ACEC7BE1-4EA2-4BBD-A0E5-51BC28F917F8}.Release|ARM.ActiveCfg = Release|ARM
		{ACEC7BE1-4EA2-4BBD-A0E5-51BC28F917F8}.Release|ARM.Build.0 = Release|ARM
		{ACEC7BE1-4EA2-4BBD-A0E5-51BC28F917F8}.Release|x64.ActiveCfg = Release|x64
		{ACEC7BE1-4EA2-4BBD-A0E5-51BC28F917F8}.Release|x64.Build.0 = Release|x64
		{ACEC7BE1-4EA2-4BBD-A0E5-51BC28F917F8}.Release|x86.ActiveCfg = Release|x86
		{ACEC7BE1-4EA2-4BBD-A0E5-51BC28F917F8}.Release|x86.Build.0 = Release|x86
	EndGlobalSection
	GlobalSection(SolutionProperties) = preSolution
		HideSolutionNode = FALSE
	EndGlobalSection
EndGlobal
